
Microsoft Visual Studio Solution File, Format Version 12.00
# Visual Studio 15
VisualStudioVersion = 15.0.27428.2011
MinimumVisualStudioVersion = 10.0.40219.1
Project("{FAE04EC0-301F-11D3-BF4B-00C04F79EFBC}") = "api", "api\api.csproj", "{2D006B4B-014D-48D3-8A5F-9FC0EB1B6F3B}"
EndProject
Global
	GlobalSection(SolutionConfigurationPlatforms) = preSolution
		Debug|Any CPU = Debug|Any CPU
		Release|Any CPU = Release|Any CPU
	EndGlobalSection
	GlobalSection(ProjectConfigurationPlatforms) = postSolution
		{2D006B4B-014D-48D3-8A5F-9FC0EB1B6F3B}.Debug|Any CPU.ActiveCfg = Debug|Any CPU
		{2D006B4B-014D-48D3-8A5F-9FC0EB1B6F3B}.Debug|Any CPU.Build.0 = Debug|Any CPU
		{2D006B4B-014D-48D3-8A5F-9FC0EB1B6F3B}.Release|Any CPU.ActiveCfg = Release|Any CPU
		{2D006B4B-014D-48D3-8A5F-9FC0EB1B6F3B}.Release|Any CPU.Build.0 = Release|Any CPU
	EndGlobalSection
	GlobalSection(SolutionProperties) = preSolution
		HideSolutionNode = FALSE
	EndGlobalSection
	GlobalSection(ExtensibilityGlobals) = postSolution
		SolutionGuid = {B4C0F67C-65FB-4BCE-99C0-FE8A21E46913}
	EndGlobalSection
EndGlobal
